
Microsoft Visual Studio Solution File, Format Version 12.00
# Visual Studio Version 17
VisualStudioVersion = 17.3.32901.215
MinimumVisualStudioVersion = 10.0.40219.1
Project("{FAE04EC0-301F-11D3-BF4B-00C04F79EFBC}") = "UAS_035", "UAS_035\UAS_035.csproj", "{176E92C3-BD09-4EC5-A5A5-9CE2948F6556}"
EndProject
Global
	GlobalSection(SolutionConfigurationPlatforms) = preSolution
		Debug|Any CPU = Debug|Any CPU
		Release|Any CPU = Release|Any CPU
	EndGlobalSection
	GlobalSection(ProjectConfigurationPlatforms) = postSolution
		{176E92C3-BD09-4EC5-A5A5-9CE2948F6556}.Debug|Any CPU.ActiveCfg = Debug|Any CPU
		{176E92C3-BD09-4EC5-A5A5-9CE2948F6556}.Debug|Any CPU.Build.0 = Debug|Any CPU
		{176E92C3-BD09-4EC5-A5A5-9CE2948F6556}.Release|Any CPU.ActiveCfg = Release|Any CPU
		{176E92C3-BD09-4EC5-A5A5-9CE2948F6556}.Release|Any CPU.Build.0 = Release|Any CPU
	EndGlobalSection
	GlobalSection(SolutionProperties) = preSolution
		HideSolutionNode = FALSE
	EndGlobalSection
	GlobalSection(ExtensibilityGlobals) = postSolution
		SolutionGuid = {8EE52E6F-7F0B-485D-8515-6B1DF676F104}
	EndGlobalSection
EndGlobal
